
Microsoft Visual Studio Solution File, Format Version 12.00
# Visual Studio 15
VisualStudioVersion = 15.0.27004.2008
MinimumVisualStudioVersion = 10.0.40219.1
Project("{FAE04EC0-301F-11D3-BF4B-00C04F79EFBC}") = "Arithmetic", "Arithmetic\Arithmetic.csproj", "{DBEE0B2E-7779-42C9-B76E-3AC4222C8666}"
EndProject
Global
	GlobalSection(SolutionConfigurationPlatforms) = preSolution
		Debug|Any CPU = Debug|Any CPU
		Release|Any CPU = Release|Any CPU
	EndGlobalSection
	GlobalSection(ProjectConfigurationPlatforms) = postSolution
		{DBEE0B2E-7779-42C9-B76E-3AC4222C8666}.Debug|Any CPU.ActiveCfg = Debug|Any CPU
		{DBEE0B2E-7779-42C9-B76E-3AC4222C8666}.Debug|Any CPU.Build.0 = Debug|Any CPU
		{DBEE0B2E-7779-42C9-B76E-3AC4222C8666}.Release|Any CPU.ActiveCfg = Release|Any CPU
		{DBEE0B2E-7779-42C9-B76E-3AC4222C8666}.Release|Any CPU.Build.0 = Release|Any CPU
	EndGlobalSection
	GlobalSection(SolutionProperties) = preSolution
		HideSolutionNode = FALSE
	EndGlobalSection
	GlobalSection(ExtensibilityGlobals) = postSolution
		SolutionGuid = {EF5FEE70-396D-4906-9791-7F958B273485}
	EndGlobalSection
EndGlobal
